
Microsoft Visual Studio Solution File, Format Version 12.00
# Visual Studio Version 16
VisualStudioVersion = 16.0.31313.79
MinimumVisualStudioVersion = 10.0.40219.1
Project("{9A19103F-16F7-4668-BE54-9A1E7A4F7556}") = "Data_Processor", "Data_Processor\Data_Processor.csproj", "{5101F391-6F1B-49AF-B334-B5DB9D0F7E1F}"
EndProject
Project("{9A19103F-16F7-4668-BE54-9A1E7A4F7556}") = "SmartApart.Core", "SmartApart.Core\SmartApart.Core.csproj", "{76A6D2AC-A69A-43A7-AC08-5149C6D49372}"
EndProject
Project("{9A19103F-16F7-4668-BE54-9A1E7A4F7556}") = "SmartApart.Utils", "SmartApart.Utils\SmartApart.Utils.csproj", "{CFF3737D-E821-4C00-BB5D-518186D46D0B}"
EndProject
Project("{2150E333-8FDC-42A3-9474-1A3956D46DE8}") = "DataFiles", "DataFiles", "{88D296CE-83C1-4A60-8755-6F7C728D0804}"
	ProjectSection(SolutionItems) = preProject
		DataFiles\mgmt.json = DataFiles\mgmt.json
		DataFiles\properties.json = DataFiles\properties.json
	EndProjectSection
EndProject
Project("{FAE04EC0-301F-11D3-BF4B-00C04F79EFBC}") = "ElasticsearchConnector", "ElasticsearchConnector\ElasticsearchConnector.csproj", "{2289BE6B-88A9-4F18-AA5D-B0F74ECAF01C}"
EndProject
Global
	GlobalSection(SolutionConfigurationPlatforms) = preSolution
		Debug|Any CPU = Debug|Any CPU
		Release|Any CPU = Release|Any CPU
	EndGlobalSection
	GlobalSection(ProjectConfigurationPlatforms) = postSolution
		{5101F391-6F1B-49AF-B334-B5DB9D0F7E1F}.Debug|Any CPU.ActiveCfg = Debug|Any CPU
		{5101F391-6F1B-49AF-B334-B5DB9D0F7E1F}.Debug|Any CPU.Build.0 = Debug|Any CPU
		{5101F391-6F1B-49AF-B334-B5DB9D0F7E1F}.Release|Any CPU.ActiveCfg = Release|Any CPU
		{5101F391-6F1B-49AF-B334-B5DB9D0F7E1F}.Release|Any CPU.Build.0 = Release|Any CPU
		{76A6D2AC-A69A-43A7-AC08-5149C6D49372}.Debug|Any CPU.ActiveCfg = Debug|Any CPU
		{76A6D2AC-A69A-43A7-AC08-5149C6D49372}.Debug|Any CPU.Build.0 = Debug|Any CPU
		{76A6D2AC-A69A-43A7-AC08-5149C6D49372}.Release|Any CPU.ActiveCfg = Release|Any CPU
		{76A6D2AC-A69A-43A7-AC08-5149C6D49372}.Release|Any CPU.Build.0 = Release|Any CPU
		{CFF3737D-E821-4C00-BB5D-518186D46D0B}.Debug|Any CPU.ActiveCfg = Debug|Any CPU
		{CFF3737D-E821-4C00-BB5D-518186D46D0B}.Debug|Any CPU.Build.0 = Debug|Any CPU
		{CFF3737D-E821-4C00-BB5D-518186D46D0B}.Release|Any CPU.ActiveCfg = Release|Any CPU
		{CFF3737D-E821-4C00-BB5D-518186D46D0B}.Release|Any CPU.Build.0 = Release|Any CPU
		{2289BE6B-88A9-4F18-AA5D-B0F74ECAF01C}.Debug|Any CPU.ActiveCfg = Debug|Any CPU
		{2289BE6B-88A9-4F18-AA5D-B0F74ECAF01C}.Debug|Any CPU.Build.0 = Debug|Any CPU
		{2289BE6B-88A9-4F18-AA5D-B0F74ECAF01C}.Release|Any CPU.ActiveCfg = Release|Any CPU
		{2289BE6B-88A9-4F18-AA5D-B0F74ECAF01C}.Release|Any CPU.Build.0 = Release|Any CPU
	EndGlobalSection
	GlobalSection(SolutionProperties) = preSolution
		HideSolutionNode = FALSE
	EndGlobalSection
	GlobalSection(ExtensibilityGlobals) = postSolution
		SolutionGuid = {CAC6B1B7-C85B-4501-B118-2A758A491070}
	EndGlobalSection
EndGlobal
